
Microsoft Visual Studio Solution File, Format Version 12.00
# Visual Studio Version 17
VisualStudioVersion = 17.12.35521.163 d17.12
MinimumVisualStudioVersion = 10.0.40219.1
Project("{FAE04EC0-301F-11D3-BF4B-00C04F79EFBC}") = "IoTDeviceSimulation", "IoTDeviceSimulation\IoTDeviceSimulation.csproj", "{2EA2FBF4-10FF-47CF-9D5E-F47A54F874CF}"
EndProject
Global
	GlobalSection(SolutionConfigurationPlatforms) = preSolution
		Debug|Any CPU = Debug|Any CPU
		Release|Any CPU = Release|Any CPU
	EndGlobalSection
	GlobalSection(ProjectConfigurationPlatforms) = postSolution
		{2EA2FBF4-10FF-47CF-9D5E-F47A54F874CF}.Debug|Any CPU.ActiveCfg = Debug|Any CPU
		{2EA2FBF4-10FF-47CF-9D5E-F47A54F874CF}.Debug|Any CPU.Build.0 = Debug|Any CPU
		{2EA2FBF4-10FF-47CF-9D5E-F47A54F874CF}.Release|Any CPU.ActiveCfg = Release|Any CPU
		{2EA2FBF4-10FF-47CF-9D5E-F47A54F874CF}.Release|Any CPU.Build.0 = Release|Any CPU
	EndGlobalSection
	GlobalSection(SolutionProperties) = preSolution
		HideSolutionNode = FALSE
	EndGlobalSection
EndGlobal
